
Microsoft Visual Studio Solution File, Format Version 12.00
# Visual Studio 15
VisualStudioVersion = 15.0.28307.645
MinimumVisualStudioVersion = 10.0.40219.1
Project("{A07B5EB6-E848-4116-A8D0-A826331D98C6}") = "LetsGoOutDemo.ServiceFabric", "LetsGoOutDemo.ServiceFabric\LetsGoOutDemo.ServiceFabric.sfproj", "{D762C2D5-154D-471E-8FA9-975EF983D4C7}"
EndProject
Project("{FAE04EC0-301F-11D3-BF4B-00C04F79EFBC}") = "LetsGoOutDemo.ServiceFabric.Actors", "LetsGoOutDemo.ServiceFabric.Actors\LetsGoOutDemo.ServiceFabric.Actors.csproj", "{7DB9710C-ED14-42B8-8653-C63C197309DE}"
EndProject
Project("{FAE04EC0-301F-11D3-BF4B-00C04F79EFBC}") = "LetsGoOutDemo.ServiceFabric.Actors.Interfaces", "LetsGoOutDemo.ServiceFabric.Actors.Interfaces\LetsGoOutDemo.ServiceFabric.Actors.Interfaces.csproj", "{70CF2D85-C143-4EA2-A98A-5398A56CD69F}"
EndProject
Project("{FAE04EC0-301F-11D3-BF4B-00C04F79EFBC}") = "LetsGoOutDemo.ServiceFabric.WebApi", "LetsGoOutDemo.ServiceFabric.WebApi\LetsGoOutDemo.ServiceFabric.WebApi.csproj", "{061F4827-4ECC-4B65-8B45-21C0A1E010C0}"
EndProject
Global
	GlobalSection(SolutionConfigurationPlatforms) = preSolution
		Debug|Any CPU = Debug|Any CPU
		Debug|x64 = Debug|x64
		Release|Any CPU = Release|Any CPU
		Release|x64 = Release|x64
	EndGlobalSection
	GlobalSection(ProjectConfigurationPlatforms) = postSolution
		{D762C2D5-154D-471E-8FA9-975EF983D4C7}.Debug|Any CPU.ActiveCfg = Debug|x64
		{D762C2D5-154D-471E-8FA9-975EF983D4C7}.Debug|x64.ActiveCfg = Debug|x64
		{D762C2D5-154D-471E-8FA9-975EF983D4C7}.Debug|x64.Build.0 = Debug|x64
		{D762C2D5-154D-471E-8FA9-975EF983D4C7}.Debug|x64.Deploy.0 = Debug|x64
		{D762C2D5-154D-471E-8FA9-975EF983D4C7}.Release|Any CPU.ActiveCfg = Release|x64
		{D762C2D5-154D-471E-8FA9-975EF983D4C7}.Release|x64.ActiveCfg = Release|x64
		{D762C2D5-154D-471E-8FA9-975EF983D4C7}.Release|x64.Build.0 = Release|x64
		{D762C2D5-154D-471E-8FA9-975EF983D4C7}.Release|x64.Deploy.0 = Release|x64
		{7DB9710C-ED14-42B8-8653-C63C197309DE}.Debug|Any CPU.ActiveCfg = Debug|Any CPU
		{7DB9710C-ED14-42B8-8653-C63C197309DE}.Debug|Any CPU.Build.0 = Debug|Any CPU
		{7DB9710C-ED14-42B8-8653-C63C197309DE}.Debug|x64.ActiveCfg = Debug|Any CPU
		{7DB9710C-ED14-42B8-8653-C63C197309DE}.Debug|x64.Build.0 = Debug|Any CPU
		{7DB9710C-ED14-42B8-8653-C63C197309DE}.Release|Any CPU.ActiveCfg = Release|Any CPU
		{7DB9710C-ED14-42B8-8653-C63C197309DE}.Release|Any CPU.Build.0 = Release|Any CPU
		{7DB9710C-ED14-42B8-8653-C63C197309DE}.Release|x64.ActiveCfg = Release|Any CPU
		{7DB9710C-ED14-42B8-8653-C63C197309DE}.Release|x64.Build.0 = Release|Any CPU
		{70CF2D85-C143-4EA2-A98A-5398A56CD69F}.Debug|Any CPU.ActiveCfg = Debug|Any CPU
		{70CF2D85-C143-4EA2-A98A-5398A56CD69F}.Debug|Any CPU.Build.0 = Debug|Any CPU
		{70CF2D85-C143-4EA2-A98A-5398A56CD69F}.Debug|x64.ActiveCfg = Debug|Any CPU
		{70CF2D85-C143-4EA2-A98A-5398A56CD69F}.Debug|x64.Build.0 = Debug|Any CPU
		{70CF2D85-C143-4EA2-A98A-5398A56CD69F}.Release|Any CPU.ActiveCfg = Release|Any CPU
		{70CF2D85-C143-4EA2-A98A-5398A56CD69F}.Release|Any CPU.Build.0 = Release|Any CPU
		{70CF2D85-C143-4EA2-A98A-5398A56CD69F}.Release|x64.ActiveCfg = Release|Any CPU
		{70CF2D85-C143-4EA2-A98A-5398A56CD69F}.Release|x64.Build.0 = Release|Any CPU
		{061F4827-4ECC-4B65-8B45-21C0A1E010C0}.Debug|Any CPU.ActiveCfg = Debug|Any CPU
		{061F4827-4ECC-4B65-8B45-21C0A1E010C0}.Debug|Any CPU.Build.0 = Debug|Any CPU
		{061F4827-4ECC-4B65-8B45-21C0A1E010C0}.Debug|x64.ActiveCfg = Debug|Any CPU
		{061F4827-4ECC-4B65-8B45-21C0A1E010C0}.Debug|x64.Build.0 = Debug|Any CPU
		{061F4827-4ECC-4B65-8B45-21C0A1E010C0}.Release|Any CPU.ActiveCfg = Release|Any CPU
		{061F4827-4ECC-4B65-8B45-21C0A1E010C0}.Release|Any CPU.Build.0 = Release|Any CPU
		{061F4827-4ECC-4B65-8B45-21C0A1E010C0}.Release|x64.ActiveCfg = Release|Any CPU
		{061F4827-4ECC-4B65-8B45-21C0A1E010C0}.Release|x64.Build.0 = Release|Any CPU
	EndGlobalSection
	GlobalSection(SolutionProperties) = preSolution
		HideSolutionNode = FALSE
	EndGlobalSection
	GlobalSection(ExtensibilityGlobals) = postSolution
		SolutionGuid = {20009296-E0A6-42AC-BDC4-E306B3EBAC5E}
	EndGlobalSection
EndGlobal
